
Microsoft Visual Studio Solution File, Format Version 12.00
Project("{2150E333-8FDC-42A3-9474-1A3956D46DE8}") = "Stock", "Stock", "{6B20A7F5-010F-4F9C-B3A4-A824F2947144}"
EndProject
Project("{2150E333-8FDC-42A3-9474-1A3956D46DE8}") = "Wallet", "Wallet", "{78363141-CD41-4145-BA8D-AA72BDAD526B}"
EndProject
Project("{2150E333-8FDC-42A3-9474-1A3956D46DE8}") = "Payment", "Payment", "{0A52C352-0EBF-41DA-8E07-474C377A75FB}"
EndProject
Project("{2150E333-8FDC-42A3-9474-1A3956D46DE8}") = "Ordering", "Ordering", "{367A0D7E-9EB0-490F-AF44-5C2DB2E92278}"
EndProject
Project("{FAE04EC0-301F-11D3-BF4B-00C04F79EFBC}") = "Sandbox.Stock", "Sandbox.Stock\Sandbox.Stock.csproj", "{CA974690-BE83-422C-89C6-EE7FB3068B5E}"
EndProject
Project("{FAE04EC0-301F-11D3-BF4B-00C04F79EFBC}") = "Sandbox.Stock.Web", "Sandbox.Stock.Web\Sandbox.Stock.Web.csproj", "{D6704160-8C69-4C13-A2C0-68DEF99E1FD3}"
EndProject
Project("{FAE04EC0-301F-11D3-BF4B-00C04F79EFBC}") = "Sandbox.Wallet", "Sandbox.Wallet\Sandbox.Wallet.csproj", "{D3F5DD3F-90FA-43C0-B423-DE3058C9232D}"
EndProject
Project("{FAE04EC0-301F-11D3-BF4B-00C04F79EFBC}") = "Sandbox.Payment", "Sandbox.Payment\Sandbox.Payment.csproj", "{272E74CB-A227-428A-86F9-6E38690BC68C}"
EndProject
Project("{FAE04EC0-301F-11D3-BF4B-00C04F79EFBC}") = "Sandbox.Ordering", "Sandbox.Ordering\Sandbox.Ordering.csproj", "{134BFB09-15BD-48B6-89A9-F1BB70A9A974}"
EndProject
Project("{FAE04EC0-301F-11D3-BF4B-00C04F79EFBC}") = "Sandbox.Ordering.Web", "Sandbox.Ordering.Web\Sandbox.Ordering.Web.csproj", "{09898DD6-9207-492E-81A1-AFCE29F95CD4}"
EndProject
Project("{FAE04EC0-301F-11D3-BF4B-00C04F79EFBC}") = "Sandbox.Payment.Web", "Sandbox.Payment.Web\Sandbox.Payment.Web.csproj", "{6A232ECE-1DF7-4A17-90C8-A9372A42C73D}"
EndProject
Project("{FAE04EC0-301F-11D3-BF4B-00C04F79EFBC}") = "Sandbox.Wallet.Web", "Sandbox.Wallet.Web\Sandbox.Wallet.Web.csproj", "{335B5735-E9FE-4AAC-AAE8-2C87170A60B1}"
EndProject
Project("{FAE04EC0-301F-11D3-BF4B-00C04F79EFBC}") = "Sandbox.Stock.Shared", "Sandbox.Stock.Shared\Sandbox.Stock.Shared.csproj", "{DFDB964D-3A00-4F46-80E9-A8467BF47609}"
EndProject
Project("{2150E333-8FDC-42A3-9474-1A3956D46DE8}") = "Shared", "Shared", "{F744932C-781C-46EF-A633-CA0DF1FC534E}"
EndProject
Project("{2150E333-8FDC-42A3-9474-1A3956D46DE8}") = "Shared", "Shared", "{DEA4F3E4-FDE1-4A75-B3C3-8B775E99B0F5}"
EndProject
Project("{FAE04EC0-301F-11D3-BF4B-00C04F79EFBC}") = "Sandbox.Ordering.Shared", "Sandbox.Ordering.Shared\Sandbox.Ordering.Shared.csproj", "{F1977C02-38E0-4A18-A4B4-181DFE48D0E6}"
EndProject
Project("{2150E333-8FDC-42A3-9474-1A3956D46DE8}") = "Shared", "Shared", "{95772469-1335-4DC8-8373-A1EE053EACC2}"
EndProject
Project("{FAE04EC0-301F-11D3-BF4B-00C04F79EFBC}") = "Sandbox.Payment.Shared", "Sandbox.Payment.Shared\Sandbox.Payment.Shared.csproj", "{BCC377BA-8A7B-4945-A589-243E8ABD33CC}"
EndProject
Project("{2150E333-8FDC-42A3-9474-1A3956D46DE8}") = "Shared", "Shared", "{817982F9-F9D4-44E7-9088-DEE26F1EC2F7}"
EndProject
Project("{FAE04EC0-301F-11D3-BF4B-00C04F79EFBC}") = "Sandbox.Wallet.Shared", "Sandbox.Wallet.Shared\Sandbox.Wallet.Shared.csproj", "{D7364721-E0D1-4E39-87AB-ED4BC9575E96}"
EndProject
Global
	GlobalSection(SolutionConfigurationPlatforms) = preSolution
		Debug|Any CPU = Debug|Any CPU
		Release|Any CPU = Release|Any CPU
	EndGlobalSection
	GlobalSection(ProjectConfigurationPlatforms) = postSolution
		{CA974690-BE83-422C-89C6-EE7FB3068B5E}.Debug|Any CPU.ActiveCfg = Debug|Any CPU
		{CA974690-BE83-422C-89C6-EE7FB3068B5E}.Debug|Any CPU.Build.0 = Debug|Any CPU
		{CA974690-BE83-422C-89C6-EE7FB3068B5E}.Release|Any CPU.ActiveCfg = Release|Any CPU
		{CA974690-BE83-422C-89C6-EE7FB3068B5E}.Release|Any CPU.Build.0 = Release|Any CPU
		{D6704160-8C69-4C13-A2C0-68DEF99E1FD3}.Debug|Any CPU.ActiveCfg = Debug|Any CPU
		{D6704160-8C69-4C13-A2C0-68DEF99E1FD3}.Debug|Any CPU.Build.0 = Debug|Any CPU
		{D6704160-8C69-4C13-A2C0-68DEF99E1FD3}.Release|Any CPU.ActiveCfg = Release|Any CPU
		{D6704160-8C69-4C13-A2C0-68DEF99E1FD3}.Release|Any CPU.Build.0 = Release|Any CPU
		{D3F5DD3F-90FA-43C0-B423-DE3058C9232D}.Debug|Any CPU.ActiveCfg = Debug|Any CPU
		{D3F5DD3F-90FA-43C0-B423-DE3058C9232D}.Debug|Any CPU.Build.0 = Debug|Any CPU
		{D3F5DD3F-90FA-43C0-B423-DE3058C9232D}.Release|Any CPU.ActiveCfg = Release|Any CPU
		{D3F5DD3F-90FA-43C0-B423-DE3058C9232D}.Release|Any CPU.Build.0 = Release|Any CPU
		{272E74CB-A227-428A-86F9-6E38690BC68C}.Debug|Any CPU.ActiveCfg = Debug|Any CPU
		{272E74CB-A227-428A-86F9-6E38690BC68C}.Debug|Any CPU.Build.0 = Debug|Any CPU
		{272E74CB-A227-428A-86F9-6E38690BC68C}.Release|Any CPU.ActiveCfg = Release|Any CPU
		{272E74CB-A227-428A-86F9-6E38690BC68C}.Release|Any CPU.Build.0 = Release|Any CPU
		{134BFB09-15BD-48B6-89A9-F1BB70A9A974}.Debug|Any CPU.ActiveCfg = Debug|Any CPU
		{134BFB09-15BD-48B6-89A9-F1BB70A9A974}.Debug|Any CPU.Build.0 = Debug|Any CPU
		{134BFB09-15BD-48B6-89A9-F1BB70A9A974}.Release|Any CPU.ActiveCfg = Release|Any CPU
		{134BFB09-15BD-48B6-89A9-F1BB70A9A974}.Release|Any CPU.Build.0 = Release|Any CPU
		{09898DD6-9207-492E-81A1-AFCE29F95CD4}.Debug|Any CPU.ActiveCfg = Debug|Any CPU
		{09898DD6-9207-492E-81A1-AFCE29F95CD4}.Debug|Any CPU.Build.0 = Debug|Any CPU
		{09898DD6-9207-492E-81A1-AFCE29F95CD4}.Release|Any CPU.ActiveCfg = Release|Any CPU
		{09898DD6-9207-492E-81A1-AFCE29F95CD4}.Release|Any CPU.Build.0 = Release|Any CPU
		{6A232ECE-1DF7-4A17-90C8-A9372A42C73D}.Debug|Any CPU.ActiveCfg = Debug|Any CPU
		{6A232ECE-1DF7-4A17-90C8-A9372A42C73D}.Debug|Any CPU.Build.0 = Debug|Any CPU
		{6A232ECE-1DF7-4A17-90C8-A9372A42C73D}.Release|Any CPU.ActiveCfg = Release|Any CPU
		{6A232ECE-1DF7-4A17-90C8-A9372A42C73D}.Release|Any CPU.Build.0 = Release|Any CPU
		{335B5735-E9FE-4AAC-AAE8-2C87170A60B1}.Debug|Any CPU.ActiveCfg = Debug|Any CPU
		{335B5735-E9FE-4AAC-AAE8-2C87170A60B1}.Debug|Any CPU.Build.0 = Debug|Any CPU
		{335B5735-E9FE-4AAC-AAE8-2C87170A60B1}.Release|Any CPU.ActiveCfg = Release|Any CPU
		{335B5735-E9FE-4AAC-AAE8-2C87170A60B1}.Release|Any CPU.Build.0 = Release|Any CPU
		{DFDB964D-3A00-4F46-80E9-A8467BF47609}.Debug|Any CPU.ActiveCfg = Debug|Any CPU
		{DFDB964D-3A00-4F46-80E9-A8467BF47609}.Debug|Any CPU.Build.0 = Debug|Any CPU
		{DFDB964D-3A00-4F46-80E9-A8467BF47609}.Release|Any CPU.ActiveCfg = Release|Any CPU
		{DFDB964D-3A00-4F46-80E9-A8467BF47609}.Release|Any CPU.Build.0 = Release|Any CPU
		{F1977C02-38E0-4A18-A4B4-181DFE48D0E6}.Debug|Any CPU.ActiveCfg = Debug|Any CPU
		{F1977C02-38E0-4A18-A4B4-181DFE48D0E6}.Debug|Any CPU.Build.0 = Debug|Any CPU
		{F1977C02-38E0-4A18-A4B4-181DFE48D0E6}.Release|Any CPU.ActiveCfg = Release|Any CPU
		{F1977C02-38E0-4A18-A4B4-181DFE48D0E6}.Release|Any CPU.Build.0 = Release|Any CPU
		{BCC377BA-8A7B-4945-A589-243E8ABD33CC}.Debug|Any CPU.ActiveCfg = Debug|Any CPU
		{BCC377BA-8A7B-4945-A589-243E8ABD33CC}.Debug|Any CPU.Build.0 = Debug|Any CPU
		{BCC377BA-8A7B-4945-A589-243E8ABD33CC}.Release|Any CPU.ActiveCfg = Release|Any CPU
		{BCC377BA-8A7B-4945-A589-243E8ABD33CC}.Release|Any CPU.Build.0 = Release|Any CPU
		{D7364721-E0D1-4E39-87AB-ED4BC9575E96}.Debug|Any CPU.ActiveCfg = Debug|Any CPU
		{D7364721-E0D1-4E39-87AB-ED4BC9575E96}.Debug|Any CPU.Build.0 = Debug|Any CPU
		{D7364721-E0D1-4E39-87AB-ED4BC9575E96}.Release|Any CPU.ActiveCfg = Release|Any CPU
		{D7364721-E0D1-4E39-87AB-ED4BC9575E96}.Release|Any CPU.Build.0 = Release|Any CPU
	EndGlobalSection
	GlobalSection(NestedProjects) = preSolution
		{CA974690-BE83-422C-89C6-EE7FB3068B5E} = {6B20A7F5-010F-4F9C-B3A4-A824F2947144}
		{D6704160-8C69-4C13-A2C0-68DEF99E1FD3} = {6B20A7F5-010F-4F9C-B3A4-A824F2947144}
		{D3F5DD3F-90FA-43C0-B423-DE3058C9232D} = {78363141-CD41-4145-BA8D-AA72BDAD526B}
		{272E74CB-A227-428A-86F9-6E38690BC68C} = {0A52C352-0EBF-41DA-8E07-474C377A75FB}
		{134BFB09-15BD-48B6-89A9-F1BB70A9A974} = {367A0D7E-9EB0-490F-AF44-5C2DB2E92278}
		{09898DD6-9207-492E-81A1-AFCE29F95CD4} = {367A0D7E-9EB0-490F-AF44-5C2DB2E92278}
		{6A232ECE-1DF7-4A17-90C8-A9372A42C73D} = {0A52C352-0EBF-41DA-8E07-474C377A75FB}
		{335B5735-E9FE-4AAC-AAE8-2C87170A60B1} = {78363141-CD41-4145-BA8D-AA72BDAD526B}
		{F744932C-781C-46EF-A633-CA0DF1FC534E} = {6B20A7F5-010F-4F9C-B3A4-A824F2947144}
		{DFDB964D-3A00-4F46-80E9-A8467BF47609} = {F744932C-781C-46EF-A633-CA0DF1FC534E}
		{DEA4F3E4-FDE1-4A75-B3C3-8B775E99B0F5} = {367A0D7E-9EB0-490F-AF44-5C2DB2E92278}
		{F1977C02-38E0-4A18-A4B4-181DFE48D0E6} = {DEA4F3E4-FDE1-4A75-B3C3-8B775E99B0F5}
		{95772469-1335-4DC8-8373-A1EE053EACC2} = {0A52C352-0EBF-41DA-8E07-474C377A75FB}
		{BCC377BA-8A7B-4945-A589-243E8ABD33CC} = {95772469-1335-4DC8-8373-A1EE053EACC2}
		{817982F9-F9D4-44E7-9088-DEE26F1EC2F7} = {78363141-CD41-4145-BA8D-AA72BDAD526B}
		{D7364721-E0D1-4E39-87AB-ED4BC9575E96} = {817982F9-F9D4-44E7-9088-DEE26F1EC2F7}
	EndGlobalSection
EndGlobal
